
Microsoft Visual Studio Solution File, Format Version 12.00
# Visual Studio Version 17
VisualStudioVersion = 17.11.35312.102
MinimumVisualStudioVersion = 10.0.40219.1
Project("{FAE04EC0-301F-11D3-BF4B-00C04F79EFBC}") = "NestedConditionalStatements", "NestedConditionalStatements.csproj", "{4F5A376E-1CA7-4124-8AC9-12EBD06843EF}"
EndProject
Global
	GlobalSection(SolutionConfigurationPlatforms) = preSolution
		Debug|Any CPU = Debug|Any CPU
		Release|Any CPU = Release|Any CPU
	EndGlobalSection
	GlobalSection(ProjectConfigurationPlatforms) = postSolution
		{4F5A376E-1CA7-4124-8AC9-12EBD06843EF}.Debug|Any CPU.ActiveCfg = Debug|Any CPU
		{4F5A376E-1CA7-4124-8AC9-12EBD06843EF}.Debug|Any CPU.Build.0 = Debug|Any CPU
		{4F5A376E-1CA7-4124-8AC9-12EBD06843EF}.Release|Any CPU.ActiveCfg = Release|Any CPU
		{4F5A376E-1CA7-4124-8AC9-12EBD06843EF}.Release|Any CPU.Build.0 = Release|Any CPU
	EndGlobalSection
	GlobalSection(SolutionProperties) = preSolution
		HideSolutionNode = FALSE
	EndGlobalSection
	GlobalSection(ExtensibilityGlobals) = postSolution
		SolutionGuid = {0890F50F-DA3B-407E-96F9-AF811C0947A6}
	EndGlobalSection
EndGlobal
