
Microsoft Visual Studio Solution File, Format Version 12.00
# Visual Studio Version 17
VisualStudioVersion = 17.11.35312.102
MinimumVisualStudioVersion = 10.0.40219.1
Project("{FAE04EC0-301F-11D3-BF4B-00C04F79EFBC}") = "PalindromeArray", "PalindromeArray.csproj", "{33DAA2FA-5C02-437D-B94F-4627F420716E}"
EndProject
Global
	GlobalSection(SolutionConfigurationPlatforms) = preSolution
		Debug|Any CPU = Debug|Any CPU
		Release|Any CPU = Release|Any CPU
	EndGlobalSection
	GlobalSection(ProjectConfigurationPlatforms) = postSolution
		{33DAA2FA-5C02-437D-B94F-4627F420716E}.Debug|Any CPU.ActiveCfg = Debug|Any CPU
		{33DAA2FA-5C02-437D-B94F-4627F420716E}.Debug|Any CPU.Build.0 = Debug|Any CPU
		{33DAA2FA-5C02-437D-B94F-4627F420716E}.Release|Any CPU.ActiveCfg = Release|Any CPU
		{33DAA2FA-5C02-437D-B94F-4627F420716E}.Release|Any CPU.Build.0 = Release|Any CPU
	EndGlobalSection
	GlobalSection(SolutionProperties) = preSolution
		HideSolutionNode = FALSE
	EndGlobalSection
	GlobalSection(ExtensibilityGlobals) = postSolution
		SolutionGuid = {5566A9E2-5001-45A3-9F38-B8FBB1C3BFFA}
	EndGlobalSection
EndGlobal
