
Microsoft Visual Studio Solution File, Format Version 12.00
# Visual Studio Version 17
VisualStudioVersion = 17.11.35312.102
MinimumVisualStudioVersion = 10.0.40219.1
Project("{FAE04EC0-301F-11D3-BF4B-00C04F79EFBC}") = "HMBank.Entity", "HMBank.Entity.csproj", "{FC677AF2-B574-4546-A4FE-2FA69FEE7341}"
EndProject
Project("{FAE04EC0-301F-11D3-BF4B-00C04F79EFBC}") = "HMBank.BusinessLayer", "..\HMBank.BusinessLayer\HMBank.BusinessLayer.csproj", "{6C34925A-8B2A-459F-8A2F-DA0C7D986794}"
EndProject
Project("{FAE04EC0-301F-11D3-BF4B-00C04F79EFBC}") = "HMBank.UI", "..\HMBank.UI\HMBank.UI.csproj", "{A0EAFBBE-2BC7-4D89-B10C-AD685CD2A11D}"
EndProject
Global
	GlobalSection(SolutionConfigurationPlatforms) = preSolution
		Debug|Any CPU = Debug|Any CPU
		Release|Any CPU = Release|Any CPU
	EndGlobalSection
	GlobalSection(ProjectConfigurationPlatforms) = postSolution
		{FC677AF2-B574-4546-A4FE-2FA69FEE7341}.Debug|Any CPU.ActiveCfg = Debug|Any CPU
		{FC677AF2-B574-4546-A4FE-2FA69FEE7341}.Debug|Any CPU.Build.0 = Debug|Any CPU
		{FC677AF2-B574-4546-A4FE-2FA69FEE7341}.Release|Any CPU.ActiveCfg = Release|Any CPU
		{FC677AF2-B574-4546-A4FE-2FA69FEE7341}.Release|Any CPU.Build.0 = Release|Any CPU
		{6C34925A-8B2A-459F-8A2F-DA0C7D986794}.Debug|Any CPU.ActiveCfg = Debug|Any CPU
		{6C34925A-8B2A-459F-8A2F-DA0C7D986794}.Debug|Any CPU.Build.0 = Debug|Any CPU
		{6C34925A-8B2A-459F-8A2F-DA0C7D986794}.Release|Any CPU.ActiveCfg = Release|Any CPU
		{6C34925A-8B2A-459F-8A2F-DA0C7D986794}.Release|Any CPU.Build.0 = Release|Any CPU
		{A0EAFBBE-2BC7-4D89-B10C-AD685CD2A11D}.Debug|Any CPU.ActiveCfg = Debug|Any CPU
		{A0EAFBBE-2BC7-4D89-B10C-AD685CD2A11D}.Debug|Any CPU.Build.0 = Debug|Any CPU
		{A0EAFBBE-2BC7-4D89-B10C-AD685CD2A11D}.Release|Any CPU.ActiveCfg = Release|Any CPU
		{A0EAFBBE-2BC7-4D89-B10C-AD685CD2A11D}.Release|Any CPU.Build.0 = Release|Any CPU
	EndGlobalSection
	GlobalSection(SolutionProperties) = preSolution
		HideSolutionNode = FALSE
	EndGlobalSection
	GlobalSection(ExtensibilityGlobals) = postSolution
		SolutionGuid = {B934E20D-71FD-4ECC-92F6-C9F0CE174C22}
	EndGlobalSection
EndGlobal
