
Microsoft Visual Studio Solution File, Format Version 12.00
# Visual Studio Version 17
VisualStudioVersion = 17.11.35312.102
MinimumVisualStudioVersion = 10.0.40219.1
Project("{FAE04EC0-301F-11D3-BF4B-00C04F79EFBC}") = "ProjectManagement.UI", "ProjectManagement.UI.csproj", "{496874EF-921E-431B-9D17-C6C610FCF23D}"
EndProject
Project("{FAE04EC0-301F-11D3-BF4B-00C04F79EFBC}") = "ProjectManagement.Entity", "..\ProjectManagement.Entity\ProjectManagement.Entity.csproj", "{56BC3D7A-BF5B-4E1E-B977-879CDBF4415A}"
EndProject
Project("{FAE04EC0-301F-11D3-BF4B-00C04F79EFBC}") = "ProjectManagement.BusinessLayer", "..\ProjectManagement.BusinessLayer\ProjectManagement.BusinessLayer.csproj", "{5C86E3D7-7EB4-48E1-869F-F85565825C45}"
EndProject
Project("{FAE04EC0-301F-11D3-BF4B-00C04F79EFBC}") = "ProjectManagement.Exception", "..\ProjectManagement.Exception\ProjectManagement.Exception.csproj", "{479D88C6-4670-4556-995E-61C6F65C4E7C}"
EndProject
Project("{FAE04EC0-301F-11D3-BF4B-00C04F79EFBC}") = "ProjectManagement.Util", "..\ProjectManagement.Util\ProjectManagement.Util.csproj", "{76291FB0-CCCF-4428-899D-80B3BDDB8142}"
EndProject
Project("{FAE04EC0-301F-11D3-BF4B-00C04F79EFBC}") = "ProjectManagement.Test", "..\ProjectManagement.Test\ProjectManagement.Test.csproj", "{A71772B4-8EFD-434B-9A07-10E41A1C5AE0}"
EndProject
Global
	GlobalSection(SolutionConfigurationPlatforms) = preSolution
		Debug|Any CPU = Debug|Any CPU
		Release|Any CPU = Release|Any CPU
	EndGlobalSection
	GlobalSection(ProjectConfigurationPlatforms) = postSolution
		{496874EF-921E-431B-9D17-C6C610FCF23D}.Debug|Any CPU.ActiveCfg = Debug|Any CPU
		{496874EF-921E-431B-9D17-C6C610FCF23D}.Debug|Any CPU.Build.0 = Debug|Any CPU
		{496874EF-921E-431B-9D17-C6C610FCF23D}.Release|Any CPU.ActiveCfg = Release|Any CPU
		{496874EF-921E-431B-9D17-C6C610FCF23D}.Release|Any CPU.Build.0 = Release|Any CPU
		{56BC3D7A-BF5B-4E1E-B977-879CDBF4415A}.Debug|Any CPU.ActiveCfg = Debug|Any CPU
		{56BC3D7A-BF5B-4E1E-B977-879CDBF4415A}.Debug|Any CPU.Build.0 = Debug|Any CPU
		{56BC3D7A-BF5B-4E1E-B977-879CDBF4415A}.Release|Any CPU.ActiveCfg = Release|Any CPU
		{56BC3D7A-BF5B-4E1E-B977-879CDBF4415A}.Release|Any CPU.Build.0 = Release|Any CPU
		{5C86E3D7-7EB4-48E1-869F-F85565825C45}.Debug|Any CPU.ActiveCfg = Debug|Any CPU
		{5C86E3D7-7EB4-48E1-869F-F85565825C45}.Debug|Any CPU.Build.0 = Debug|Any CPU
		{5C86E3D7-7EB4-48E1-869F-F85565825C45}.Release|Any CPU.ActiveCfg = Release|Any CPU
		{5C86E3D7-7EB4-48E1-869F-F85565825C45}.Release|Any CPU.Build.0 = Release|Any CPU
		{479D88C6-4670-4556-995E-61C6F65C4E7C}.Debug|Any CPU.ActiveCfg = Debug|Any CPU
		{479D88C6-4670-4556-995E-61C6F65C4E7C}.Debug|Any CPU.Build.0 = Debug|Any CPU
		{479D88C6-4670-4556-995E-61C6F65C4E7C}.Release|Any CPU.ActiveCfg = Release|Any CPU
		{479D88C6-4670-4556-995E-61C6F65C4E7C}.Release|Any CPU.Build.0 = Release|Any CPU
		{76291FB0-CCCF-4428-899D-80B3BDDB8142}.Debug|Any CPU.ActiveCfg = Debug|Any CPU
		{76291FB0-CCCF-4428-899D-80B3BDDB8142}.Debug|Any CPU.Build.0 = Debug|Any CPU
		{76291FB0-CCCF-4428-899D-80B3BDDB8142}.Release|Any CPU.ActiveCfg = Release|Any CPU
		{76291FB0-CCCF-4428-899D-80B3BDDB8142}.Release|Any CPU.Build.0 = Release|Any CPU
		{A71772B4-8EFD-434B-9A07-10E41A1C5AE0}.Debug|Any CPU.ActiveCfg = Debug|Any CPU
		{A71772B4-8EFD-434B-9A07-10E41A1C5AE0}.Debug|Any CPU.Build.0 = Debug|Any CPU
		{A71772B4-8EFD-434B-9A07-10E41A1C5AE0}.Release|Any CPU.ActiveCfg = Release|Any CPU
		{A71772B4-8EFD-434B-9A07-10E41A1C5AE0}.Release|Any CPU.Build.0 = Release|Any CPU
	EndGlobalSection
	GlobalSection(SolutionProperties) = preSolution
		HideSolutionNode = FALSE
	EndGlobalSection
	GlobalSection(ExtensibilityGlobals) = postSolution
		SolutionGuid = {6479CC30-37EB-4438-BAAE-1918F9617CCF}
	EndGlobalSection
EndGlobal
