
Microsoft Visual Studio Solution File, Format Version 12.00
# Visual Studio Version 17
VisualStudioVersion = 17.11.35312.102
MinimumVisualStudioVersion = 10.0.40219.1
Project("{FAE04EC0-301F-11D3-BF4B-00C04F79EFBC}") = "BankingSystem.Entity", "BankingSystem.Entity.csproj", "{B6948BD1-E808-4C8B-8BE3-A5B1B9D1D9FE}"
EndProject
Project("{FAE04EC0-301F-11D3-BF4B-00C04F79EFBC}") = "BankingSystem.BusinessLayer", "..\BankingSystem.BusinessLayer\BankingSystem.BusinessLayer.csproj", "{73DC5329-5CFB-49D8-BEC2-687FECE27D02}"
EndProject
Project("{FAE04EC0-301F-11D3-BF4B-00C04F79EFBC}") = "BankingSystem.UI", "..\BankingSystem.UI\BankingSystem.UI.csproj", "{A270C775-E436-45AA-9DA7-CC70641DDD36}"
EndProject
Project("{FAE04EC0-301F-11D3-BF4B-00C04F79EFBC}") = "BankingSystem.Exception", "..\BankingSystem.Exception\BankingSystem.Exception.csproj", "{E7F4C3E9-FA72-4FC1-A789-346EB88E03AD}"
EndProject
Project("{FAE04EC0-301F-11D3-BF4B-00C04F79EFBC}") = "BankingSystem.Util", "..\BankingSystem.Util\BankingSystem.Util.csproj", "{21738D59-7C9F-41D8-8546-3990D4734246}"
EndProject
Global
	GlobalSection(SolutionConfigurationPlatforms) = preSolution
		Debug|Any CPU = Debug|Any CPU
		Release|Any CPU = Release|Any CPU
	EndGlobalSection
	GlobalSection(ProjectConfigurationPlatforms) = postSolution
		{B6948BD1-E808-4C8B-8BE3-A5B1B9D1D9FE}.Debug|Any CPU.ActiveCfg = Debug|Any CPU
		{B6948BD1-E808-4C8B-8BE3-A5B1B9D1D9FE}.Debug|Any CPU.Build.0 = Debug|Any CPU
		{B6948BD1-E808-4C8B-8BE3-A5B1B9D1D9FE}.Release|Any CPU.ActiveCfg = Release|Any CPU
		{B6948BD1-E808-4C8B-8BE3-A5B1B9D1D9FE}.Release|Any CPU.Build.0 = Release|Any CPU
		{73DC5329-5CFB-49D8-BEC2-687FECE27D02}.Debug|Any CPU.ActiveCfg = Debug|Any CPU
		{73DC5329-5CFB-49D8-BEC2-687FECE27D02}.Debug|Any CPU.Build.0 = Debug|Any CPU
		{73DC5329-5CFB-49D8-BEC2-687FECE27D02}.Release|Any CPU.ActiveCfg = Release|Any CPU
		{73DC5329-5CFB-49D8-BEC2-687FECE27D02}.Release|Any CPU.Build.0 = Release|Any CPU
		{A270C775-E436-45AA-9DA7-CC70641DDD36}.Debug|Any CPU.ActiveCfg = Debug|Any CPU
		{A270C775-E436-45AA-9DA7-CC70641DDD36}.Debug|Any CPU.Build.0 = Debug|Any CPU
		{A270C775-E436-45AA-9DA7-CC70641DDD36}.Release|Any CPU.ActiveCfg = Release|Any CPU
		{A270C775-E436-45AA-9DA7-CC70641DDD36}.Release|Any CPU.Build.0 = Release|Any CPU
		{E7F4C3E9-FA72-4FC1-A789-346EB88E03AD}.Debug|Any CPU.ActiveCfg = Debug|Any CPU
		{E7F4C3E9-FA72-4FC1-A789-346EB88E03AD}.Debug|Any CPU.Build.0 = Debug|Any CPU
		{E7F4C3E9-FA72-4FC1-A789-346EB88E03AD}.Release|Any CPU.ActiveCfg = Release|Any CPU
		{E7F4C3E9-FA72-4FC1-A789-346EB88E03AD}.Release|Any CPU.Build.0 = Release|Any CPU
		{21738D59-7C9F-41D8-8546-3990D4734246}.Debug|Any CPU.ActiveCfg = Debug|Any CPU
		{21738D59-7C9F-41D8-8546-3990D4734246}.Debug|Any CPU.Build.0 = Debug|Any CPU
		{21738D59-7C9F-41D8-8546-3990D4734246}.Release|Any CPU.ActiveCfg = Release|Any CPU
		{21738D59-7C9F-41D8-8546-3990D4734246}.Release|Any CPU.Build.0 = Release|Any CPU
	EndGlobalSection
	GlobalSection(SolutionProperties) = preSolution
		HideSolutionNode = FALSE
	EndGlobalSection
	GlobalSection(ExtensibilityGlobals) = postSolution
		SolutionGuid = {278087DC-DC87-4E2E-A746-F4DCB3C1C93F}
	EndGlobalSection
EndGlobal
