
Microsoft Visual Studio Solution File, Format Version 12.00
# Visual Studio Version 17
VisualStudioVersion = 17.11.35312.102
MinimumVisualStudioVersion = 10.0.40219.1
Project("{FAE04EC0-301F-11D3-BF4B-00C04F79EFBC}") = "HospitalManagementsystem.Entity", "HospitalManagementsystem.Entity.csproj", "{709D2610-B9E4-4329-A2B1-64E165E56A82}"
EndProject
Project("{FAE04EC0-301F-11D3-BF4B-00C04F79EFBC}") = "HospitalManagementSystem.DAO", "..\HospitalManagementSystem.DAO\HospitalManagementSystem.DAO.csproj", "{4F28521A-512F-4522-9DA6-B0924ED56270}"
EndProject
Project("{FAE04EC0-301F-11D3-BF4B-00C04F79EFBC}") = "HospitalManagementSystem.Util", "..\HospitalManagementSystem.Util\HospitalManagementSystem.Util.csproj", "{8E1B0989-6E94-4FBD-A712-66C140B18576}"
EndProject
Project("{FAE04EC0-301F-11D3-BF4B-00C04F79EFBC}") = "HospitalManagementSystem.Main", "..\HospitalManagementSystem.Main\HospitalManagementSystem.Main.csproj", "{6C7D4FBD-1B71-4191-BE28-A3C8E6631699}"
EndProject
Project("{FAE04EC0-301F-11D3-BF4B-00C04F79EFBC}") = "HospitalManagementSystem.Exception", "..\HospitalManagementSystem.Exception\HospitalManagementSystem.Exception.csproj", "{0A828240-DBC4-43CE-A0B3-8894033544DE}"
EndProject
Global
	GlobalSection(SolutionConfigurationPlatforms) = preSolution
		Debug|Any CPU = Debug|Any CPU
		Release|Any CPU = Release|Any CPU
	EndGlobalSection
	GlobalSection(ProjectConfigurationPlatforms) = postSolution
		{709D2610-B9E4-4329-A2B1-64E165E56A82}.Debug|Any CPU.ActiveCfg = Debug|Any CPU
		{709D2610-B9E4-4329-A2B1-64E165E56A82}.Debug|Any CPU.Build.0 = Debug|Any CPU
		{709D2610-B9E4-4329-A2B1-64E165E56A82}.Release|Any CPU.ActiveCfg = Release|Any CPU
		{709D2610-B9E4-4329-A2B1-64E165E56A82}.Release|Any CPU.Build.0 = Release|Any CPU
		{4F28521A-512F-4522-9DA6-B0924ED56270}.Debug|Any CPU.ActiveCfg = Debug|Any CPU
		{4F28521A-512F-4522-9DA6-B0924ED56270}.Debug|Any CPU.Build.0 = Debug|Any CPU
		{4F28521A-512F-4522-9DA6-B0924ED56270}.Release|Any CPU.ActiveCfg = Release|Any CPU
		{4F28521A-512F-4522-9DA6-B0924ED56270}.Release|Any CPU.Build.0 = Release|Any CPU
		{8E1B0989-6E94-4FBD-A712-66C140B18576}.Debug|Any CPU.ActiveCfg = Debug|Any CPU
		{8E1B0989-6E94-4FBD-A712-66C140B18576}.Debug|Any CPU.Build.0 = Debug|Any CPU
		{8E1B0989-6E94-4FBD-A712-66C140B18576}.Release|Any CPU.ActiveCfg = Release|Any CPU
		{8E1B0989-6E94-4FBD-A712-66C140B18576}.Release|Any CPU.Build.0 = Release|Any CPU
		{6C7D4FBD-1B71-4191-BE28-A3C8E6631699}.Debug|Any CPU.ActiveCfg = Debug|Any CPU
		{6C7D4FBD-1B71-4191-BE28-A3C8E6631699}.Debug|Any CPU.Build.0 = Debug|Any CPU
		{6C7D4FBD-1B71-4191-BE28-A3C8E6631699}.Release|Any CPU.ActiveCfg = Release|Any CPU
		{6C7D4FBD-1B71-4191-BE28-A3C8E6631699}.Release|Any CPU.Build.0 = Release|Any CPU
		{0A828240-DBC4-43CE-A0B3-8894033544DE}.Debug|Any CPU.ActiveCfg = Debug|Any CPU
		{0A828240-DBC4-43CE-A0B3-8894033544DE}.Debug|Any CPU.Build.0 = Debug|Any CPU
		{0A828240-DBC4-43CE-A0B3-8894033544DE}.Release|Any CPU.ActiveCfg = Release|Any CPU
		{0A828240-DBC4-43CE-A0B3-8894033544DE}.Release|Any CPU.Build.0 = Release|Any CPU
	EndGlobalSection
	GlobalSection(SolutionProperties) = preSolution
		HideSolutionNode = FALSE
	EndGlobalSection
	GlobalSection(ExtensibilityGlobals) = postSolution
		SolutionGuid = {1445A6D3-1D7A-4CD1-88B8-DF842E56FAE0}
	EndGlobalSection
EndGlobal
